
Microsoft Visual Studio Solution File, Format Version 12.00
# Visual Studio Version 17
VisualStudioVersion = 17.2.32519.379
MinimumVisualStudioVersion = 10.0.40219.1
Project("{9A19103F-16F7-4668-BE54-9A1E7A4F7556}") = "Controls.Demo", "Controls.Demo\Controls.Demo.csproj", "{3FA0B41E-3CFA-49AB-8314-50C396FB1C1C}"
EndProject
Project("{9A19103F-16F7-4668-BE54-9A1E7A4F7556}") = "Controls", "Controls\Controls.csproj", "{6EB87D2F-A46F-4F94-B298-BE416033C211}"
EndProject
Project("{2150E333-8FDC-42A3-9474-1A3956D46DE8}") = "Solution Items", "Solution Items", "{B716BE13-9D49-4221-9B99-03E0FA512475}"
	ProjectSection(SolutionItems) = preProject
		.gitignore = .gitignore
		README.md = README.md
	EndProjectSection
EndProject
Project("{FAE04EC0-301F-11D3-BF4B-00C04F79EFBC}") = "Models", "Models\Models.csproj", "{6C207300-CAD8-4EF9-8445-92EF8CBD9E04}"
EndProject
Global
	GlobalSection(SolutionConfigurationPlatforms) = preSolution
		Debug|Any CPU = Debug|Any CPU
		Release|Any CPU = Release|Any CPU
	EndGlobalSection
	GlobalSection(ProjectConfigurationPlatforms) = postSolution
		{3FA0B41E-3CFA-49AB-8314-50C396FB1C1C}.Debug|Any CPU.ActiveCfg = Debug|Any CPU
		{3FA0B41E-3CFA-49AB-8314-50C396FB1C1C}.Debug|Any CPU.Build.0 = Debug|Any CPU
		{3FA0B41E-3CFA-49AB-8314-50C396FB1C1C}.Release|Any CPU.ActiveCfg = Release|Any CPU
		{3FA0B41E-3CFA-49AB-8314-50C396FB1C1C}.Release|Any CPU.Build.0 = Release|Any CPU
		{6EB87D2F-A46F-4F94-B298-BE416033C211}.Debug|Any CPU.ActiveCfg = Debug|Any CPU
		{6EB87D2F-A46F-4F94-B298-BE416033C211}.Debug|Any CPU.Build.0 = Debug|Any CPU
		{6EB87D2F-A46F-4F94-B298-BE416033C211}.Release|Any CPU.ActiveCfg = Release|Any CPU
		{6EB87D2F-A46F-4F94-B298-BE416033C211}.Release|Any CPU.Build.0 = Release|Any CPU
		{6C207300-CAD8-4EF9-8445-92EF8CBD9E04}.Debug|Any CPU.ActiveCfg = Debug|Any CPU
		{6C207300-CAD8-4EF9-8445-92EF8CBD9E04}.Debug|Any CPU.Build.0 = Debug|Any CPU
		{6C207300-CAD8-4EF9-8445-92EF8CBD9E04}.Release|Any CPU.ActiveCfg = Release|Any CPU
		{6C207300-CAD8-4EF9-8445-92EF8CBD9E04}.Release|Any CPU.Build.0 = Release|Any CPU
	EndGlobalSection
	GlobalSection(SolutionProperties) = preSolution
		HideSolutionNode = FALSE
	EndGlobalSection
	GlobalSection(ExtensibilityGlobals) = postSolution
		SolutionGuid = {9531E4E5-ED1B-4ADF-99AC-1D96261C5DC5}
	EndGlobalSection
EndGlobal
